{
  "name": "waves-api-test",
  "version": "1.0.0",
  "lockfileVersion": 1,
  "requires": true,
  "dependencies": {
    "@vostokplatform/api-token-refresher": {
      "version": "2.2.0",
      "resolved": "https://registry.npmjs.org/@vostokplatform/api-token-refresher/-/api-token-refresher-2.2.0.tgz",
      "integrity": "sha512-Ug7v/s+DbbL8hrvYLb+0nMOlh0OHe3SpEQbDnxzXrdznXoaA0NIVkJkwo6YDWF8Uxse+zygOUtZxtEWJ9MZ+kQ==",
      "requires": {
        "axios": "0.19.1",
        "cross-fetch": "3.0.4",
        "jwt-decode": "^2.2.0"
      }
    },
    "@vostokplatform/crypto-gost-js": {
      "version": "2.0.0",
      "resolved": "https://registry.npmjs.org/@vostokplatform/crypto-gost-js/-/crypto-gost-js-2.0.0.tgz",
      "integrity": "sha512-irntsHRT7SDf2BhXywc8brmDtXMwlQ9I7QuqO+5Cgz2NwwsfqN9mYg9P4kz23CMwSn2HeMVot+If+YzNLPM3Dg=="
    },
    "@vostokplatform/signature-generator": {
      "version": "1.7.2-RC1",
      "resolved": "https://registry.npmjs.org/@vostokplatform/signature-generator/-/signature-generator-1.7.2-RC1.tgz",
      "integrity": "sha512-lit7AFN8pdinBlYZ06b8cN9yW1TQD2yCn3P9W6+xx+Wd0OoPeYaxyrZecQowr6V6grrB232m+5qH6wZwVfnLUw==",
      "requires": {
        "@vostokplatform/crypto-gost-js": "2.0.0",
        "@waves/data-entities": "^1.6.0",
        "base64-js": "1.3.0",
        "crypto-js": "3.1.9-1"
      }
    },
    "@vostokplatform/voting-encrypt": {
      "version": "0.1.4",
      "resolved": "https://registry.npmjs.org/@vostokplatform/voting-encrypt/-/voting-encrypt-0.1.4.tgz",
      "integrity": "sha512-eSoqJhQM8Cj7UAtyMFyyEmje5vz2de0o2UsrFx1hXsjdoufYPTf0wQvv1QPo2DpPJ2hAFYCBJh4oj+v+BgU7Ow==",
      "requires": {
        "bn.js": "^5.1.2",
        "elliptic": "^6.5.3"
      }
    },
    "@vostokplatform/waves-api": {
      "version": "1.3.4-RC3",
      "resolved": "https://registry.npmjs.org/@vostokplatform/waves-api/-/waves-api-1.3.4-RC3.tgz",
      "integrity": "sha512-xcJZcC3i9KCHCgXYAYWvwfw1O0YB9RRzgVux1ZC/HVuMFoJGiZpbKXOi4cYlamq78GK8zHTCQj+wYRHGMX0RNw==",
      "requires": {
        "@vostokplatform/crypto-gost-js": "2.0.0",
        "@vostokplatform/signature-generator": "1.7.2-RC1",
        "bignumber.js": "7.2.1",
        "crypto-js": "3.1.9-1",
        "node-fetch": "2.2.0",
        "parse-json-bignumber": "^0.1.2",
        "ts-api-validator": "2.1.3",
        "ts-utils": "6.0.4"
      }
    },
    "@waves/bignumber": {
      "version": "0.0.2",
      "resolved": "https://registry.npmjs.org/@waves/bignumber/-/bignumber-0.0.2.tgz",
      "integrity": "sha512-5Yu2StNAWkfH8qhzhu1gY9+zJIRzlz/2RQU39tsbyvi8UxeJN4RR3NzYDJbe+R8Eex49JkXtNCsH+/m6LJ5WhQ==",
      "requires": {
        "bignumber.js": "^8.1.1"
      },
      "dependencies": {
        "bignumber.js": {
          "version": "8.1.1",
          "resolved": "https://registry.npmjs.org/bignumber.js/-/bignumber.js-8.1.1.tgz",
          "integrity": "sha512-QD46ppGintwPGuL1KqmwhR0O+N2cZUg8JG/VzwI2e28sM9TqHjQB10lI4QAaMHVbLzwVLLAwEglpKPViWX+5NQ=="
        }
      }
    },
    "@waves/data-entities": {
      "version": "1.10.2",
      "resolved": "https://registry.npmjs.org/@waves/data-entities/-/data-entities-1.10.2.tgz",
      "integrity": "sha512-HY1pju3/BCiY1Y3LQyhpvgYD1AS/y3wqH7IFutGPuvOafUrQhPyhXiGSjxBl5RBPS6M2IqqQ6CGeOQF+H0TYxg==",
      "requires": {
        "@waves/bignumber": "0.0.2",
        "bignumber.js": "7.0.1"
      },
      "dependencies": {
        "bignumber.js": {
          "version": "7.0.1",
          "resolved": "https://registry.npmjs.org/bignumber.js/-/bignumber.js-7.0.1.tgz",
          "integrity": "sha512-orXkDA6dhvrCTxYkWMDLIu8R1XWKfPWoJCkFeXOi/Rybl0FVUGHvgDYgUkWVn8fGa5mw2xy25VQGPPmrxfoZkQ=="
        }
      }
    },
    "array-uniq": {
      "version": "1.0.2",
      "resolved": "https://registry.npmjs.org/array-uniq/-/array-uniq-1.0.2.tgz",
      "integrity": "sha1-X8w3OSB3VyPP1k1lxkvvU7+eum0="
    },
    "axios": {
      "version": "0.19.1",
      "resolved": "https://registry.npmjs.org/axios/-/axios-0.19.1.tgz",
      "integrity": "sha512-Yl+7nfreYKaLRvAvjNPkvfjnQHJM1yLBY3zhqAwcJSwR/6ETkanUgylgtIvkvz0xJ+p/vZuNw8X7Hnb7Whsbpw==",
      "requires": {
        "follow-redirects": "1.5.10"
      }
    },
    "base64-js": {
      "version": "1.3.0",
      "resolved": "https://registry.npmjs.org/base64-js/-/base64-js-1.3.0.tgz",
      "integrity": "sha512-ccav/yGvoa80BQDljCxsmmQ3Xvx60/UpBIij5QN21W3wBi/hhIC9OoO+KLpu9IJTS9j4DRVJ3aDDF9cMSoa2lw=="
    },
    "bignumber.js": {
      "version": "7.2.1",
      "resolved": "https://registry.npmjs.org/bignumber.js/-/bignumber.js-7.2.1.tgz",
      "integrity": "sha512-S4XzBk5sMB+Rcb/LNcpzXr57VRTxgAvaAEDAl1AwRx27j00hT84O6OkteE7u8UB3NuaaygCRrEpqox4uDOrbdQ=="
    },
    "bn.js": {
      "version": "5.1.2",
      "resolved": "https://registry.npmjs.org/bn.js/-/bn.js-5.1.2.tgz",
      "integrity": "sha512-40rZaf3bUNKTVYu9sIeeEGOg7g14Yvnj9kH7b50EiwX0Q7A6umbvfI5tvHaOERH0XigqKkfLkFQxzb4e6CIXnA=="
    },
    "brorand": {
      "version": "1.1.0",
      "resolved": "https://registry.npmjs.org/brorand/-/brorand-1.1.0.tgz",
      "integrity": "sha1-EsJe/kCkXjwyPrhnWgoM5XsiNx8="
    },
    "buffer-writer": {
      "version": "2.0.0",
      "resolved": "https://registry.npmjs.org/buffer-writer/-/buffer-writer-2.0.0.tgz",
      "integrity": "sha512-a7ZpuTZU1TRtnwyCNW3I5dc0wWNC3VR9S++Ewyk2HHZdrO3CQJqSpd+95Us590V6AL7JqUAH2IwZ/398PmNFgw=="
    },
    "colorette": {
      "version": "2.0.19",
      "resolved": "https://registry.npmjs.org/colorette/-/colorette-2.0.19.tgz",
      "integrity": "sha512-3tlv/dIP7FWvj3BsbHrGLJ6l/oKh1O3TcgBqMn+yyCagOxc23fyzDS6HypQbgxWbkpDnf52p1LuR4eWDQ/K9WQ=="
    },
    "commander": {
      "version": "9.5.0",
      "resolved": "https://registry.npmjs.org/commander/-/commander-9.5.0.tgz",
      "integrity": "sha512-KRs7WVDKg86PWiuAqhDrAQnTXZKraVcCc6vFdL14qrZ/DcWwuRo7VoiYXalXO7S5GKpqYiVEwCbgFDfxNHKJBQ=="
    },
    "cross-fetch": {
      "version": "3.0.4",
      "resolved": "https://registry.npmjs.org/cross-fetch/-/cross-fetch-3.0.4.tgz",
      "integrity": "sha512-MSHgpjQqgbT/94D4CyADeNoYh52zMkCX4pcJvPP5WqPsLFMKjr2TCMg381ox5qI0ii2dPwaLx/00477knXqXVw==",
      "requires": {
        "node-fetch": "2.6.0",
        "whatwg-fetch": "3.0.0"
      },
      "dependencies": {
        "node-fetch": {
          "version": "2.6.0",
          "resolved": "https://registry.npmjs.org/node-fetch/-/node-fetch-2.6.0.tgz",
          "integrity": "sha512-8dG4H5ujfvFiqDmVu9fQ5bOHUC15JMjMY/Zumv26oOvvVJjM67KF8koCWIabKQ1GJIa9r2mMZscBq/TbdOcmNA=="
        }
      }
    },
    "crypto-js": {
      "version": "3.1.9-1",
      "resolved": "https://registry.npmjs.org/crypto-js/-/crypto-js-3.1.9-1.tgz",
      "integrity": "sha1-/aGedh/Ad+Af+/3G6f38WeiAbNg="
    },
    "debug": {
      "version": "4.3.4",
      "resolved": "https://registry.npmjs.org/debug/-/debug-4.3.4.tgz",
      "integrity": "sha512-PRWFHuSU3eDtQJPvnNY7Jcket1j0t5OuOsFzPPzsekD52Zl8qUfFIPEiswXqIvHWGVHOgX+7G/vCNNhehwxfkQ==",
      "requires": {
        "ms": "2.1.2"
      }
    },
    "elliptic": {
      "version": "6.5.3",
      "resolved": "https://registry.npmjs.org/elliptic/-/elliptic-6.5.3.tgz",
      "integrity": "sha512-IMqzv5wNQf+E6aHeIqATs0tOLeOTwj1QKbRcS3jBbYkl5oLAserA8yJTT7/VyHUYG91PRmPyeQDObKLPpeS4dw==",
      "requires": {
        "bn.js": "^4.4.0",
        "brorand": "^1.0.1",
        "hash.js": "^1.0.0",
        "hmac-drbg": "^1.0.0",
        "inherits": "^2.0.1",
        "minimalistic-assert": "^1.0.0",
        "minimalistic-crypto-utils": "^1.0.0"
      },
      "dependencies": {
        "bn.js": {
          "version": "4.11.9",
          "resolved": "https://registry.npmjs.org/bn.js/-/bn.js-4.11.9.tgz",
          "integrity": "sha512-E6QoYqCKZfgatHTdHzs1RRKP7ip4vvm+EyRUeE2RF0NblwVvb0p6jSVeNTOFxPn26QXN2o6SMfNxKp6kU8zQaw=="
        }
      }
    },
    "escalade": {
      "version": "3.1.1",
      "resolved": "https://registry.npmjs.org/escalade/-/escalade-3.1.1.tgz",
      "integrity": "sha512-k0er2gUkLf8O0zKJiAhmkTnJlTvINGv7ygDNPbeIsX/TJjGJZHuh9B2UxbsaEkmlEo9MfhrSzmhIlhRlI2GXnw=="
    },
    "esm": {
      "version": "3.2.25",
      "resolved": "https://registry.npmjs.org/esm/-/esm-3.2.25.tgz",
      "integrity": "sha512-U1suiZ2oDVWv4zPO56S0NcR5QriEahGtdN2OR6FiOG4WJvcjBVFB0qI4+eKoWFH483PKGuLuu6V8Z4T5g63UVA=="
    },
    "follow-redirects": {
      "version": "1.5.10",
      "resolved": "https://registry.npmjs.org/follow-redirects/-/follow-redirects-1.5.10.tgz",
      "integrity": "sha512-0V5l4Cizzvqt5D44aTXbFZz+FtyXV1vrDN6qrelxtfYQKW0KO0W2T/hkE8xvGa/540LkZlkaUjO4ailYTFtHVQ==",
      "requires": {
        "debug": "=3.1.0"
      },
      "dependencies": {
        "debug": {
          "version": "3.1.0",
          "resolved": "https://registry.npmjs.org/debug/-/debug-3.1.0.tgz",
          "integrity": "sha512-OX8XqP7/1a9cqkxYw2yXss15f26NKWBpDXQd0/uK/KPqdQhxbPa994hnzjcE2VqQpDslf55723cKPUOGSmMY3g==",
          "requires": {
            "ms": "2.0.0"
          }
        },
        "ms": {
          "version": "2.0.0",
          "resolved": "https://registry.npmjs.org/ms/-/ms-2.0.0.tgz",
          "integrity": "sha1-VgiurfwAvmwpAd9fmGF4jeDVl8g="
        }
      }
    },
    "function-bind": {
      "version": "1.1.1",
      "resolved": "https://registry.npmjs.org/function-bind/-/function-bind-1.1.1.tgz",
      "integrity": "sha512-yIovAzMX49sF8Yl58fSCWJ5svSLuaibPxXQJFLmBObTuCr0Mf1KiPopGM9NiFjiYBCbfaa2Fh6breQ6ANVTI0A=="
    },
    "get-package-type": {
      "version": "0.1.0",
      "resolved": "https://registry.npmjs.org/get-package-type/-/get-package-type-0.1.0.tgz",
      "integrity": "sha512-pjzuKtY64GYfWizNAJ0fr9VqttZkNiK2iS430LtIHzjBEr6bX8Am2zm4sW4Ro5wjWW5cAlRL1qAMTcXbjNAO2Q=="
    },
    "getopts": {
      "version": "2.3.0",
      "resolved": "https://registry.npmjs.org/getopts/-/getopts-2.3.0.tgz",
      "integrity": "sha512-5eDf9fuSXwxBL6q5HX+dhDj+dslFGWzU5thZ9kNKUkcPtaPdatmUFKwHFrLb/uf/WpA4BHET+AX3Scl56cAjpA=="
    },
    "has": {
      "version": "1.0.3",
      "resolved": "https://registry.npmjs.org/has/-/has-1.0.3.tgz",
      "integrity": "sha512-f2dvO0VU6Oej7RkWJGrehjbzMAjFp5/VKPp5tTpWIV4JHHZK1/BxbFRtf/siA2SWTe09caDmVtYYzWEIbBS4zw==",
      "requires": {
        "function-bind": "^1.1.1"
      }
    },
    "hash.js": {
      "version": "1.1.7",
      "resolved": "https://registry.npmjs.org/hash.js/-/hash.js-1.1.7.tgz",
      "integrity": "sha512-taOaskGt4z4SOANNseOviYDvjEJinIkRgmp7LbKP2YTTmVxWBl87s/uzK9r+44BclBSp2X7K1hqeNfz9JbBeXA==",
      "requires": {
        "inherits": "^2.0.3",
        "minimalistic-assert": "^1.0.1"
      }
    },
    "hmac-drbg": {
      "version": "1.0.1",
      "resolved": "https://registry.npmjs.org/hmac-drbg/-/hmac-drbg-1.0.1.tgz",
      "integrity": "sha1-0nRXAQJabHdabFRXk+1QL8DGSaE=",
      "requires": {
        "hash.js": "^1.0.3",
        "minimalistic-assert": "^1.0.0",
        "minimalistic-crypto-utils": "^1.0.1"
      }
    },
    "inherits": {
      "version": "2.0.4",
      "resolved": "https://registry.npmjs.org/inherits/-/inherits-2.0.4.tgz",
      "integrity": "sha512-k/vGaX4/Yla3WzyMCvTQOXYeIHvqOKtnqBduzTHpzpQZzAskKMhZ2K+EnBiSM9zGSoIFeMpXKxa4dYeZIQqewQ=="
    },
    "interpret": {
      "version": "2.2.0",
      "resolved": "https://registry.npmjs.org/interpret/-/interpret-2.2.0.tgz",
      "integrity": "sha512-Ju0Bz/cEia55xDwUWEa8+olFpCiQoypjnQySseKtmjNrnps3P+xfpUmGr90T7yjlVJmOtybRvPXhKMbHr+fWnw=="
    },
    "is-core-module": {
      "version": "2.11.0",
      "resolved": "https://registry.npmjs.org/is-core-module/-/is-core-module-2.11.0.tgz",
      "integrity": "sha512-RRjxlvLDkD1YJwDbroBHMb+cukurkDWNyHx7D3oNB5x9rb5ogcksMC5wHCadcXoo67gVr/+3GFySh3134zi6rw==",
      "requires": {
        "has": "^1.0.3"
      }
    },
    "jwt-decode": {
      "version": "2.2.0",
      "resolved": "https://registry.npmjs.org/jwt-decode/-/jwt-decode-2.2.0.tgz",
      "integrity": "sha1-fYa9VmefWM5qhHBKZX3TkruoGnk="
    },
    "knex": {
      "version": "2.4.0",
      "resolved": "https://registry.npmjs.org/knex/-/knex-2.4.0.tgz",
      "integrity": "sha512-i0GWwqYp1Hs2yvc2rlDO6nzzkLhwdyOZKRdsMTB8ZxOs2IXQyL5rBjSbS1krowCh6V65T4X9CJaKtuIfkaPGSA==",
      "requires": {
        "colorette": "2.0.19",
        "commander": "^9.1.0",
        "debug": "4.3.4",
        "escalade": "^3.1.1",
        "esm": "^3.2.25",
        "get-package-type": "^0.1.0",
        "getopts": "2.3.0",
        "interpret": "^2.2.0",
        "lodash": "^4.17.21",
        "pg-connection-string": "2.5.0",
        "rechoir": "^0.8.0",
        "resolve-from": "^5.0.0",
        "tarn": "^3.0.2",
        "tildify": "2.0.0"
      },
      "dependencies": {
        "pg-connection-string": {
          "version": "2.5.0",
          "resolved": "https://registry.npmjs.org/pg-connection-string/-/pg-connection-string-2.5.0.tgz",
          "integrity": "sha512-r5o/V/ORTA6TmUnyWZR9nCj1klXCO2CEKNRlVuJptZe85QuhFayC7WeMic7ndayT5IRIR0S0xFxFi2ousartlQ=="
        }
      }
    },
    "lodash": {
      "version": "4.17.21",
      "resolved": "https://registry.npmjs.org/lodash/-/lodash-4.17.21.tgz",
      "integrity": "sha512-v2kDEe57lecTulaDIuNTPy3Ry4gLGJ6Z1O3vE1krgXZNrsQ+LFTGHVxVjcXPs17LhbZVGedAJv8XZ1tvj5FvSg=="
    },
    "minimalistic-assert": {
      "version": "1.0.1",
      "resolved": "https://registry.npmjs.org/minimalistic-assert/-/minimalistic-assert-1.0.1.tgz",
      "integrity": "sha512-UtJcAD4yEaGtjPezWuO9wC4nwUnVH/8/Im3yEHQP4b67cXlD/Qr9hdITCU1xDbSEXg2XKNaP8jsReV7vQd00/A=="
    },
    "minimalistic-crypto-utils": {
      "version": "1.0.1",
      "resolved": "https://registry.npmjs.org/minimalistic-crypto-utils/-/minimalistic-crypto-utils-1.0.1.tgz",
      "integrity": "sha1-9sAMHAsIIkblxNmd+4x8CDsrWCo="
    },
    "ms": {
      "version": "2.1.2",
      "resolved": "https://registry.npmjs.org/ms/-/ms-2.1.2.tgz",
      "integrity": "sha512-sGkPx+VjMtmA6MX27oA4FBFELFCZZ4S4XqeGOXCv68tT+jb3vk/RyaKWP0PTKyWtmLSM0b+adUTEvbs1PEaH2w=="
    },
    "node-fetch": {
      "version": "2.2.0",
      "resolved": "https://registry.npmjs.org/node-fetch/-/node-fetch-2.2.0.tgz",
      "integrity": "sha512-OayFWziIxiHY8bCUyLX6sTpDH8Jsbp4FfYd1j1f7vZyfgkcOnAyM4oQR16f8a0s7Gl/viMGRey8eScYk4V4EZA=="
    },
    "packet-reader": {
      "version": "1.0.0",
      "resolved": "https://registry.npmjs.org/packet-reader/-/packet-reader-1.0.0.tgz",
      "integrity": "sha512-HAKu/fG3HpHFO0AA8WE8q2g+gBJaZ9MG7fcKk+IJPLTGAD6Psw4443l+9DGRbOIh3/aXr7Phy0TjilYivJo5XQ=="
    },
    "parse-json-bignumber": {
      "version": "0.1.3",
      "resolved": "https://registry.npmjs.org/parse-json-bignumber/-/parse-json-bignumber-0.1.3.tgz",
      "integrity": "sha512-eE2NSq0PNe3yrtGVTuxrJSpP1pm2/NTRhfhsKA8oy2jDiYAK8BETabTFSymvw3pz6uuu8c4GpWRCCuVEdDFr8g=="
    },
    "path-parse": {
      "version": "1.0.7",
      "resolved": "https://registry.npmjs.org/path-parse/-/path-parse-1.0.7.tgz",
      "integrity": "sha512-LDJzPVEEEPR+y48z93A0Ed0yXb8pAByGWo/k5YYdYgpY2/2EsOsksJrq7lOHxryrVOn1ejG6oAp8ahvOIQD8sw=="
    },
    "pg": {
      "version": "8.3.0",
      "resolved": "https://registry.npmjs.org/pg/-/pg-8.3.0.tgz",
      "integrity": "sha512-jQPKWHWxbI09s/Z9aUvoTbvGgoj98AU7FDCcQ7kdejupn/TcNpx56v2gaOTzXkzOajmOEJEdi9eTh9cA2RVAjQ==",
      "requires": {
        "buffer-writer": "2.0.0",
        "packet-reader": "1.0.0",
        "pg-connection-string": "^2.3.0",
        "pg-pool": "^3.2.1",
        "pg-protocol": "^1.2.5",
        "pg-types": "^2.1.0",
        "pgpass": "1.x",
        "semver": "4.3.2"
      }
    },
    "pg-connection-string": {
      "version": "2.3.0",
      "resolved": "https://registry.npmjs.org/pg-connection-string/-/pg-connection-string-2.3.0.tgz",
      "integrity": "sha512-ukMTJXLI7/hZIwTW7hGMZJ0Lj0S2XQBCJ4Shv4y1zgQ/vqVea+FLhzywvPj0ujSuofu+yA4MYHGZPTsgjBgJ+w=="
    },
    "pg-int8": {
      "version": "1.0.1",
      "resolved": "https://registry.npmjs.org/pg-int8/-/pg-int8-1.0.1.tgz",
      "integrity": "sha512-WCtabS6t3c8SkpDBUlb1kjOs7l66xsGdKpIPZsg4wR+B3+u9UAum2odSsF9tnvxg80h4ZxLWMy4pRjOsFIqQpw=="
    },
    "pg-pool": {
      "version": "3.2.1",
      "resolved": "https://registry.npmjs.org/pg-pool/-/pg-pool-3.2.1.tgz",
      "integrity": "sha512-BQDPWUeKenVrMMDN9opfns/kZo4lxmSWhIqo+cSAF7+lfi9ZclQbr9vfnlNaPr8wYF3UYjm5X0yPAhbcgqNOdA=="
    },
    "pg-protocol": {
      "version": "1.2.5",
      "resolved": "https://registry.npmjs.org/pg-protocol/-/pg-protocol-1.2.5.tgz",
      "integrity": "sha512-1uYCckkuTfzz/FCefvavRywkowa6M5FohNMF5OjKrqo9PSR8gYc8poVmwwYQaBxhmQdBjhtP514eXy9/Us2xKg=="
    },
    "pg-types": {
      "version": "2.2.0",
      "resolved": "https://registry.npmjs.org/pg-types/-/pg-types-2.2.0.tgz",
      "integrity": "sha512-qTAAlrEsl8s4OiEQY69wDvcMIdQN6wdz5ojQiOy6YRMuynxenON0O5oCpJI6lshc6scgAY8qvJ2On/p+CXY0GA==",
      "requires": {
        "pg-int8": "1.0.1",
        "postgres-array": "~2.0.0",
        "postgres-bytea": "~1.0.0",
        "postgres-date": "~1.0.4",
        "postgres-interval": "^1.1.0"
      }
    },
    "pgpass": {
      "version": "1.0.2",
      "resolved": "https://registry.npmjs.org/pgpass/-/pgpass-1.0.2.tgz",
      "integrity": "sha1-Knu0G2BltnkH6R2hsHwYR8h3swY=",
      "requires": {
        "split": "^1.0.0"
      }
    },
    "postgres-array": {
      "version": "2.0.0",
      "resolved": "https://registry.npmjs.org/postgres-array/-/postgres-array-2.0.0.tgz",
      "integrity": "sha512-VpZrUqU5A69eQyW2c5CA1jtLecCsN2U/bD6VilrFDWq5+5UIEVO7nazS3TEcHf1zuPYO/sqGvUvW62g86RXZuA=="
    },
    "postgres-bytea": {
      "version": "1.0.0",
      "resolved": "https://registry.npmjs.org/postgres-bytea/-/postgres-bytea-1.0.0.tgz",
      "integrity": "sha1-AntTPAqokOJtFy1Hz5zOzFIazTU="
    },
    "postgres-date": {
      "version": "1.0.5",
      "resolved": "https://registry.npmjs.org/postgres-date/-/postgres-date-1.0.5.tgz",
      "integrity": "sha512-pdau6GRPERdAYUQwkBnGKxEfPyhVZXG/JiS44iZWiNdSOWE09N2lUgN6yshuq6fVSon4Pm0VMXd1srUUkLe9iA=="
    },
    "postgres-interval": {
      "version": "1.2.0",
      "resolved": "https://registry.npmjs.org/postgres-interval/-/postgres-interval-1.2.0.tgz",
      "integrity": "sha512-9ZhXKM/rw350N1ovuWHbGxnGh/SNJ4cnxHiM0rxE4VN41wsg8P8zWn9hv/buK00RP4WvlOyr/RBDiptyxVbkZQ==",
      "requires": {
        "xtend": "^4.0.0"
      }
    },
    "randomstring": {
      "version": "1.1.5",
      "resolved": "https://registry.npmjs.org/randomstring/-/randomstring-1.1.5.tgz",
      "integrity": "sha1-bfBij3XL1ZMpMNn+OrTpVqGFGMM=",
      "requires": {
        "array-uniq": "1.0.2"
      }
    },
    "rechoir": {
      "version": "0.8.0",
      "resolved": "https://registry.npmjs.org/rechoir/-/rechoir-0.8.0.tgz",
      "integrity": "sha512-/vxpCXddiX8NGfGO/mTafwjq4aFa/71pvamip0++IQk3zG8cbCj0fifNPrjjF1XMXUne91jL9OoxmdykoEtifQ==",
      "requires": {
        "resolve": "^1.20.0"
      }
    },
    "resolve": {
      "version": "1.22.1",
      "resolved": "https://registry.npmjs.org/resolve/-/resolve-1.22.1.tgz",
      "integrity": "sha512-nBpuuYuY5jFsli/JIs1oldw6fOQCBioohqWZg/2hiaOybXOft4lonv85uDOKXdf8rhyK159cxU5cDcK/NKk8zw==",
      "requires": {
        "is-core-module": "^2.9.0",
        "path-parse": "^1.0.7",
        "supports-preserve-symlinks-flag": "^1.0.0"
      }
    },
    "resolve-from": {
      "version": "5.0.0",
      "resolved": "https://registry.npmjs.org/resolve-from/-/resolve-from-5.0.0.tgz",
      "integrity": "sha512-qYg9KP24dD5qka9J47d0aVky0N+b4fTU89LN9iDnjB5waksiC49rvMB0PrUJQGoTmH50XPiqOvAjDfaijGxYZw=="
    },
    "semver": {
      "version": "4.3.2",
      "resolved": "https://registry.npmjs.org/semver/-/semver-4.3.2.tgz",
      "integrity": "sha1-x6BxWKgL7dBSNVt3DYLWZA+AO+c="
    },
    "split": {
      "version": "1.0.1",
      "resolved": "https://registry.npmjs.org/split/-/split-1.0.1.tgz",
      "integrity": "sha512-mTyOoPbrivtXnwnIxZRFYRrPNtEFKlpB2fvjSnCQUiAA6qAZzqwna5envK4uk6OIeP17CsdF3rSBGYVBsU0Tkg==",
      "requires": {
        "through": "2"
      }
    },
    "supports-preserve-symlinks-flag": {
      "version": "1.0.0",
      "resolved": "https://registry.npmjs.org/supports-preserve-symlinks-flag/-/supports-preserve-symlinks-flag-1.0.0.tgz",
      "integrity": "sha512-ot0WnXS9fgdkgIcePe6RHNk1WA8+muPa6cSjeR3V8K27q9BB1rTE3R1p7Hv0z1ZyAc8s6Vvv8DIyWf681MAt0w=="
    },
    "tarn": {
      "version": "3.0.2",
      "resolved": "https://registry.npmjs.org/tarn/-/tarn-3.0.2.tgz",
      "integrity": "sha512-51LAVKUSZSVfI05vjPESNc5vwqqZpbXCsU+/+wxlOrUjk2SnFTt97v9ZgQrD4YmxYW1Px6w2KjaDitCfkvgxMQ=="
    },
    "through": {
      "version": "2.3.8",
      "resolved": "https://registry.npmjs.org/through/-/through-2.3.8.tgz",
      "integrity": "sha1-DdTJ/6q8NXlgsbckEV1+Doai4fU="
    },
    "tildify": {
      "version": "2.0.0",
      "resolved": "https://registry.npmjs.org/tildify/-/tildify-2.0.0.tgz",
      "integrity": "sha512-Cc+OraorugtXNfs50hU9KS369rFXCfgGLpfCfvlc+Ud5u6VWmUQsOAa9HbTvheQdYnrdJqqv1e5oIqXppMYnSw=="
    },
    "ts-api-validator": {
      "version": "2.1.3",
      "resolved": "https://registry.npmjs.org/ts-api-validator/-/ts-api-validator-2.1.3.tgz",
      "integrity": "sha512-Pvyxkpt2EO2c8QDe6ygIBLvwQzLkPlHcQV4kOCzAknVFkFy1nAupuL4UpGAH278MoykXmUfEGfssx5cF3CX3nA==",
      "requires": {
        "ts-utils": "^6.0.2"
      }
    },
    "ts-utils": {
      "version": "6.0.4",
      "resolved": "https://registry.npmjs.org/ts-utils/-/ts-utils-6.0.4.tgz",
      "integrity": "sha512-FMbUil/DQTSLgm0Nob4pEtfEBBO8wOH54EuRGVvQbqTFNNa7akAxagZuJ6XuBI0iS1682+lI+N/4dY3QGdGTrw=="
    },
    "whatwg-fetch": {
      "version": "3.0.0",
      "resolved": "https://registry.npmjs.org/whatwg-fetch/-/whatwg-fetch-3.0.0.tgz",
      "integrity": "sha512-9GSJUgz1D4MfyKU7KRqwOjXCXTqWdFNvEr7eUBYchQiVc744mqK/MzXPNR2WsPkmkOa4ywfg8C2n8h+13Bey1Q=="
    },
    "xtend": {
      "version": "4.0.2",
      "resolved": "https://registry.npmjs.org/xtend/-/xtend-4.0.2.tgz",
      "integrity": "sha512-LKYU1iAXJXUgAXn9URjiu+MWhyUXHsvfp7mcuYm9dSUKK0/CjtrUwFAxD82/mCWbtLsGjFIad0wIsod4zrTAEQ=="
    }
  }
}
