{
  "name": "waves-api-test",
  "version": "1.0.0",
  "lockfileVersion": 1,
  "requires": true,
  "dependencies": {
    "@vostokplatform/crypto-gost-js": {
      "version": "2.0.0",
      "resolved": "https://registry.npmjs.org/@vostokplatform/crypto-gost-js/-/crypto-gost-js-2.0.0.tgz",
      "integrity": "sha512-irntsHRT7SDf2BhXywc8brmDtXMwlQ9I7QuqO+5Cgz2NwwsfqN9mYg9P4kz23CMwSn2HeMVot+If+YzNLPM3Dg=="
    },
    "@vostokplatform/signature-generator": {
      "version": "1.7.2-RC1",
      "resolved": "https://registry.npmjs.org/@vostokplatform/signature-generator/-/signature-generator-1.7.2-RC1.tgz",
      "integrity": "sha512-lit7AFN8pdinBlYZ06b8cN9yW1TQD2yCn3P9W6+xx+Wd0OoPeYaxyrZecQowr6V6grrB232m+5qH6wZwVfnLUw==",
      "requires": {
        "@vostokplatform/crypto-gost-js": "2.0.0",
        "@waves/data-entities": "^1.6.0",
        "base64-js": "1.3.0",
        "crypto-js": "3.1.9-1"
      }
    },
    "@vostokplatform/voting-encrypt": {
      "version": "0.1.4",
      "resolved": "https://registry.npmjs.org/@vostokplatform/voting-encrypt/-/voting-encrypt-0.1.4.tgz",
      "integrity": "sha512-eSoqJhQM8Cj7UAtyMFyyEmje5vz2de0o2UsrFx1hXsjdoufYPTf0wQvv1QPo2DpPJ2hAFYCBJh4oj+v+BgU7Ow==",
      "requires": {
        "bn.js": "^5.1.2",
        "elliptic": "^6.5.3"
      }
    },
    "@vostokplatform/waves-api": {
      "version": "1.3.4-RC3",
      "resolved": "https://registry.npmjs.org/@vostokplatform/waves-api/-/waves-api-1.3.4-RC3.tgz",
      "integrity": "sha512-xcJZcC3i9KCHCgXYAYWvwfw1O0YB9RRzgVux1ZC/HVuMFoJGiZpbKXOi4cYlamq78GK8zHTCQj+wYRHGMX0RNw==",
      "requires": {
        "@vostokplatform/crypto-gost-js": "2.0.0",
        "@vostokplatform/signature-generator": "1.7.2-RC1",
        "bignumber.js": "7.2.1",
        "crypto-js": "3.1.9-1",
        "node-fetch": "2.2.0",
        "parse-json-bignumber": "^0.1.2",
        "ts-api-validator": "2.1.3",
        "ts-utils": "6.0.4"
      }
    },
    "@waves/bignumber": {
      "version": "0.0.2",
      "resolved": "https://registry.npmjs.org/@waves/bignumber/-/bignumber-0.0.2.tgz",
      "integrity": "sha512-5Yu2StNAWkfH8qhzhu1gY9+zJIRzlz/2RQU39tsbyvi8UxeJN4RR3NzYDJbe+R8Eex49JkXtNCsH+/m6LJ5WhQ==",
      "requires": {
        "bignumber.js": "^8.1.1"
      },
      "dependencies": {
        "bignumber.js": {
          "version": "8.1.1",
          "resolved": "https://registry.npmjs.org/bignumber.js/-/bignumber.js-8.1.1.tgz",
          "integrity": "sha512-QD46ppGintwPGuL1KqmwhR0O+N2cZUg8JG/VzwI2e28sM9TqHjQB10lI4QAaMHVbLzwVLLAwEglpKPViWX+5NQ=="
        }
      }
    },
    "@waves/data-entities": {
      "version": "1.10.2",
      "resolved": "https://registry.npmjs.org/@waves/data-entities/-/data-entities-1.10.2.tgz",
      "integrity": "sha512-HY1pju3/BCiY1Y3LQyhpvgYD1AS/y3wqH7IFutGPuvOafUrQhPyhXiGSjxBl5RBPS6M2IqqQ6CGeOQF+H0TYxg==",
      "requires": {
        "@waves/bignumber": "0.0.2",
        "bignumber.js": "7.0.1"
      },
      "dependencies": {
        "bignumber.js": {
          "version": "7.0.1",
          "resolved": "https://registry.npmjs.org/bignumber.js/-/bignumber.js-7.0.1.tgz",
          "integrity": "sha512-orXkDA6dhvrCTxYkWMDLIu8R1XWKfPWoJCkFeXOi/Rybl0FVUGHvgDYgUkWVn8fGa5mw2xy25VQGPPmrxfoZkQ=="
        }
      }
    },
    "base64-js": {
      "version": "1.3.0",
      "resolved": "https://registry.npmjs.org/base64-js/-/base64-js-1.3.0.tgz",
      "integrity": "sha512-ccav/yGvoa80BQDljCxsmmQ3Xvx60/UpBIij5QN21W3wBi/hhIC9OoO+KLpu9IJTS9j4DRVJ3aDDF9cMSoa2lw=="
    },
    "bignumber.js": {
      "version": "7.2.1",
      "resolved": "https://registry.npmjs.org/bignumber.js/-/bignumber.js-7.2.1.tgz",
      "integrity": "sha512-S4XzBk5sMB+Rcb/LNcpzXr57VRTxgAvaAEDAl1AwRx27j00hT84O6OkteE7u8UB3NuaaygCRrEpqox4uDOrbdQ=="
    },
    "bn.js": {
      "version": "5.1.2",
      "resolved": "https://registry.npmjs.org/bn.js/-/bn.js-5.1.2.tgz",
      "integrity": "sha512-40rZaf3bUNKTVYu9sIeeEGOg7g14Yvnj9kH7b50EiwX0Q7A6umbvfI5tvHaOERH0XigqKkfLkFQxzb4e6CIXnA=="
    },
    "brorand": {
      "version": "1.1.0",
      "resolved": "https://registry.npmjs.org/brorand/-/brorand-1.1.0.tgz",
      "integrity": "sha1-EsJe/kCkXjwyPrhnWgoM5XsiNx8="
    },
    "crypto-js": {
      "version": "3.1.9-1",
      "resolved": "https://registry.npmjs.org/crypto-js/-/crypto-js-3.1.9-1.tgz",
      "integrity": "sha1-/aGedh/Ad+Af+/3G6f38WeiAbNg="
    },
    "elliptic": {
      "version": "6.5.3",
      "resolved": "https://registry.npmjs.org/elliptic/-/elliptic-6.5.3.tgz",
      "integrity": "sha512-IMqzv5wNQf+E6aHeIqATs0tOLeOTwj1QKbRcS3jBbYkl5oLAserA8yJTT7/VyHUYG91PRmPyeQDObKLPpeS4dw==",
      "requires": {
        "bn.js": "^4.4.0",
        "brorand": "^1.0.1",
        "hash.js": "^1.0.0",
        "hmac-drbg": "^1.0.0",
        "inherits": "^2.0.1",
        "minimalistic-assert": "^1.0.0",
        "minimalistic-crypto-utils": "^1.0.0"
      },
      "dependencies": {
        "bn.js": {
          "version": "4.11.9",
          "resolved": "https://registry.npmjs.org/bn.js/-/bn.js-4.11.9.tgz",
          "integrity": "sha512-E6QoYqCKZfgatHTdHzs1RRKP7ip4vvm+EyRUeE2RF0NblwVvb0p6jSVeNTOFxPn26QXN2o6SMfNxKp6kU8zQaw=="
        }
      }
    },
    "hash.js": {
      "version": "1.1.7",
      "resolved": "https://registry.npmjs.org/hash.js/-/hash.js-1.1.7.tgz",
      "integrity": "sha512-taOaskGt4z4SOANNseOviYDvjEJinIkRgmp7LbKP2YTTmVxWBl87s/uzK9r+44BclBSp2X7K1hqeNfz9JbBeXA==",
      "requires": {
        "inherits": "^2.0.3",
        "minimalistic-assert": "^1.0.1"
      }
    },
    "hmac-drbg": {
      "version": "1.0.1",
      "resolved": "https://registry.npmjs.org/hmac-drbg/-/hmac-drbg-1.0.1.tgz",
      "integrity": "sha1-0nRXAQJabHdabFRXk+1QL8DGSaE=",
      "requires": {
        "hash.js": "^1.0.3",
        "minimalistic-assert": "^1.0.0",
        "minimalistic-crypto-utils": "^1.0.1"
      }
    },
    "inherits": {
      "version": "2.0.4",
      "resolved": "https://registry.npmjs.org/inherits/-/inherits-2.0.4.tgz",
      "integrity": "sha512-k/vGaX4/Yla3WzyMCvTQOXYeIHvqOKtnqBduzTHpzpQZzAskKMhZ2K+EnBiSM9zGSoIFeMpXKxa4dYeZIQqewQ=="
    },
    "minimalistic-assert": {
      "version": "1.0.1",
      "resolved": "https://registry.npmjs.org/minimalistic-assert/-/minimalistic-assert-1.0.1.tgz",
      "integrity": "sha512-UtJcAD4yEaGtjPezWuO9wC4nwUnVH/8/Im3yEHQP4b67cXlD/Qr9hdITCU1xDbSEXg2XKNaP8jsReV7vQd00/A=="
    },
    "minimalistic-crypto-utils": {
      "version": "1.0.1",
      "resolved": "https://registry.npmjs.org/minimalistic-crypto-utils/-/minimalistic-crypto-utils-1.0.1.tgz",
      "integrity": "sha1-9sAMHAsIIkblxNmd+4x8CDsrWCo="
    },
    "node-fetch": {
      "version": "2.2.0",
      "resolved": "https://registry.npmjs.org/node-fetch/-/node-fetch-2.2.0.tgz",
      "integrity": "sha512-OayFWziIxiHY8bCUyLX6sTpDH8Jsbp4FfYd1j1f7vZyfgkcOnAyM4oQR16f8a0s7Gl/viMGRey8eScYk4V4EZA=="
    },
    "parse-json-bignumber": {
      "version": "0.1.3",
      "resolved": "https://registry.npmjs.org/parse-json-bignumber/-/parse-json-bignumber-0.1.3.tgz",
      "integrity": "sha512-eE2NSq0PNe3yrtGVTuxrJSpP1pm2/NTRhfhsKA8oy2jDiYAK8BETabTFSymvw3pz6uuu8c4GpWRCCuVEdDFr8g=="
    },
    "ts-api-validator": {
      "version": "2.1.3",
      "resolved": "https://registry.npmjs.org/ts-api-validator/-/ts-api-validator-2.1.3.tgz",
      "integrity": "sha512-Pvyxkpt2EO2c8QDe6ygIBLvwQzLkPlHcQV4kOCzAknVFkFy1nAupuL4UpGAH278MoykXmUfEGfssx5cF3CX3nA==",
      "requires": {
        "ts-utils": "^6.0.2"
      }
    },
    "ts-utils": {
      "version": "6.0.4",
      "resolved": "https://registry.npmjs.org/ts-utils/-/ts-utils-6.0.4.tgz",
      "integrity": "sha512-FMbUil/DQTSLgm0Nob4pEtfEBBO8wOH54EuRGVvQbqTFNNa7akAxagZuJ6XuBI0iS1682+lI+N/4dY3QGdGTrw=="
    }
  }
}
